<?xml version="1.0" encoding="utf-8"?>
<Project ToolsVersion="4.0" xmlns="http://schemas.microsoft.com/developer/msbuild/2003">
  <ItemGroup>
    <Filter Include="Source files">
      <UniqueIdentifier>{7272d1e2-01ec-4793-bb49-593382724968}</UniqueIdentifier>
      <Extensions>cpp;c;cc;cxx;def;odl;idl;hpj;bat;asm;asmx</Extensions>
    </Filter>
    <Filter Include="Header files">
      <UniqueIdentifier>{771639a8-db06-4037-bcae-6ee9350d185c}</UniqueIdentifier>
      <Extensions>h;hpp;hxx;hm;inl;inc;xsd</Extensions>
    </Filter>
    <Filter Include="Resource files">
      <UniqueIdentifier>{0da0ecad-ce39-4696-8249-58572910bb48}</UniqueIdentifier>
      <Extensions>rc;ico;cur;bmp;dlg;rc2;rct;bin;rgs;gif;jpg;jpeg;jpe;resx;tiff;tif;png;wav</Extensions>
    </Filter>
    <Filter Include="VisualGDB settings">
      <UniqueIdentifier>{b4a6ebfc-270d-42ec-bc8a-b5a9b12d3f2b}</UniqueIdentifier>
    </Filter>
  </ItemGroup>
  <ItemGroup>
    <None Include="OrderDishes-Debug.vgdbsettings">
      <Filter>VisualGDB settings</Filter>
    </None>
    <None Include="OrderDishes-Release.vgdbsettings">
      <Filter>VisualGDB settings</Filter>
    </None>
    <ClCompile Include="Client.cpp">
      <Filter>Source files</Filter>
    </ClCompile>
    <ClCompile Include="main.cpp">
      <Filter>Source files</Filter>
    </ClCompile>
    <ClCompile Include="Menu.cpp">
      <Filter>Source files</Filter>
    </ClCompile>
    <ClCompile Include="MyTime.cpp">
      <Filter>Source files</Filter>
    </ClCompile>
    <ClCompile Include="Order.cpp">
      <Filter>Source files</Filter>
    </ClCompile>
    <ClCompile Include="pch.cpp">
      <Filter>Source files</Filter>
    </ClCompile>
    <ClCompile Include="RegUtil.cpp">
      <Filter>Source files</Filter>
    </ClCompile>
    <ClCompile Include="StatisticResult.cpp">
      <Filter>Source files</Filter>
    </ClCompile>
    <ClCompile Include="StringUtils.cpp">
      <Filter>Source files</Filter>
    </ClCompile>
    <ClCompile Include="TDate.cpp">
      <Filter>Source files</Filter>
    </ClCompile>
  </ItemGroup>
  <ItemGroup>
    <ClInclude Include="Menu.h">
      <Filter>Header files</Filter>
    </ClInclude>
    <ClInclude Include="MyTime.h">
      <Filter>Header files</Filter>
    </ClInclude>
    <ClInclude Include="RegUtil.h">
      <Filter>Header files</Filter>
    </ClInclude>
    <ClInclude Include="resource.h">
      <Filter>Header files</Filter>
    </ClInclude>
    <ClInclude Include="StatisticResult.h">
      <Filter>Header files</Filter>
    </ClInclude>
    <ClInclude Include="StringUtils.h">
      <Filter>Header files</Filter>
    </ClInclude>
  </ItemGroup>
</Project>